// !$*UTF8*$!
{
	archiveVersion = 1;
	classes = {
	};
	objectVersion = 48;
	objects = {

/* Begin PBXBuildFile section */
		837D1D011F97EDA1004573FE /* AppDelegate.swift in Sources */ = {isa = PBXBuildFile; fileRef = 837D1D001F97EDA1004573FE /* AppDelegate.swift */; };
		837D1D031F97EDA1004573FE /* ViewController.swift in Sources */ = {isa = PBXBuildFile; fileRef = 837D1D021F97EDA1004573FE /* ViewController.swift */; };
		837D1D061F97EDA1004573FE /* Main.storyboard in Resources */ = {isa = PBXBuildFile; fileRef = 837D1D041F97EDA1004573FE /* Main.storyboard */; };
		837D1D081F97EDA1004573FE /* Assets.xcassets in Resources */ = {isa = PBXBuildFile; fileRef = 837D1D071F97EDA1004573FE /* Assets.xcassets */; };
		837D1D0B1F97EDA1004573FE /* LaunchScreen.storyboard in Resources */ = {isa = PBXBuildFile; fileRef = 837D1D091F97EDA1004573FE /* LaunchScreen.storyboard */; };
		9F1D61E5495A10EA9B715679 /* Pods_AlamoFireTest.framework in Frameworks */ = {isa = PBXBuildFile; fileRef = 0F3EB1961ADAA73A24AEB003 /* Pods_AlamoFireTest.framework */; };
/* End PBXBuildFile section */

/* Begin PBXFileReference section */
		0F3EB1961ADAA73A24AEB003 /* Pods_AlamoFireTest.framework */ = {isa = PBXFileReference; explicitFileType = wrapper.framework; includeInIndex = 0; path = Pods_AlamoFireTest.framework; sourceTree = BUILT_PRODUCTS_DIR; };
		5463DE6A77472FFBAB7AF0CF /* Pods-AlamoFireTest.debug.xcconfig */ = {isa = PBXFileReference; includeInIndex = 1; lastKnownFileType = text.xcconfig; name = "Pods-AlamoFireTest.debug.xcconfig"; path = "Pods/Target Support Files/Pods-AlamoFireTest/Pods-AlamoFireTest.debug.xcconfig"; sourceTree = "<group>"; };
		837D1CFD1F97EDA1004573FE /* AlamoFireTest.app */ = {isa = PBXFileReference; explicitFileType = wrapper.application; includeInIndex = 0; path = AlamoFireTest.app; sourceTree = BUILT_PRODUCTS_DIR; };
		837D1D001F97EDA1004573FE /* AppDelegate.swift */ = {isa = PBXFileReference; lastKnownFileType = sourcecode.swift; path = AppDelegate.swift; sourceTree = "<group>"; };
		837D1D021F97EDA1004573FE /* ViewController.swift */ = {isa = PBXFileReference; lastKnownFileType = sourcecode.swift; path = ViewController.swift; sourceTree = "<group>"; };
		837D1D051F97EDA1004573FE /* Base */ = {isa = PBXFileReference; lastKnownFileType = file.storyboard; name = Base; path = Base.lproj/Main.storyboard; sourceTree = "<group>"; };
		837D1D071F97EDA1004573FE /* Assets.xcassets */ = {isa = PBXFileReference; lastKnownFileType = folder.assetcatalog; path = Assets.xcassets; sourceTree = "<group>"; };
		837D1D0A1F97EDA1004573FE /* Base */ = {isa = PBXFileReference; lastKnownFileType = file.storyboard; name = Base; path = Base.lproj/LaunchScreen.storyboard; sourceTree = "<group>"; };
		837D1D0C1F97EDA1004573FE /* Info.plist */ = {isa = PBXFileReference; lastKnownFileType = text.plist.xml; path = Info.plist; sourceTree = "<group>"; };
		BFF6AC87019BAFDBBC66E7F5 /* Pods-AlamoFireTest.release.xcconfig */ = {isa = PBXFileReference; includeInIndex = 1; lastKnownFileType = text.xcconfig; name = "Pods-AlamoFireTest.release.xcconfig"; path = "Pods/Target Support Files/Pods-AlamoFireTest/Pods-AlamoFireTest.release.xcconfig"; sourceTree = "<group>"; };
/* End PBXFileReference section */

/* Begin PBXFrameworksBuildPhase section */
		837D1CFA1F97EDA1004573FE /* Frameworks */ = {
			isa = PBXFrameworksBuildPhase;
			buildActionMask = 2147483647;
			files = (
				9F1D61E5495A10EA9B715679 /* Pods_AlamoFireTest.framework in Frameworks */,
			);
			runOnlyForDeploymentPostprocessing = 0;
		};
/* End PBXFrameworksBuildPhase section */

/* Begin PBXGroup section */
		0A430C2DA802DC1A16218540 /* Frameworks */ = {
			isa = PBXGroup;
			children = (
				0F3EB1961ADAA73A24AEB003 /* Pods_AlamoFireTest.framework */,
			);
			name = Frameworks;
			sourceTree = "<group>";
		};
		837D1CF41F97EDA1004573FE = {
			isa = PBXGroup;
			children = (
				837D1CFF1F97EDA1004573FE /* AlamoFireTest */,
				837D1CFE1F97EDA1004573FE /* Products */,
				C947364C7918157A09C6E3C2 /* Pods */,
				0A430C2DA802DC1A16218540 /* Frameworks */,
			);
			sourceTree = "<group>";
		};
		837D1CFE1F97EDA1004573FE /* Products */ = {
			isa = PBXGroup;
			children = (
				837D1CFD1F97EDA1004573FE /* AlamoFireTest.app */,
			);
			name = Products;
			sourceTree = "<group>";
		};
		837D1CFF1F97EDA1004573FE /* AlamoFireTest */ = {
			isa = PBXGroup;
			children = (
				837D1D001F97EDA1004573FE /* AppDelegate.swift */,
				837D1D021F97EDA1004573FE /* ViewController.swift */,
				837D1D041F97EDA1004573FE /* Main.storyboard */,
				837D1D071F97EDA1004573FE /* Assets.xcassets */,
				837D1D091F97EDA1004573FE /* LaunchScreen.storyboard */,
				837D1D0C1F97EDA1004573FE /* Info.plist */,
			);
			path = AlamoFireTest;
			sourceTree = "<group>";
		};
		C947364C7918157A09C6E3C2 /* Pods */ = {
			isa = PBXGroup;
			children = (
				5463DE6A77472FFBAB7AF0CF /* Pods-AlamoFireTest.debug.xcconfig */,
				BFF6AC87019BAFDBBC66E7F5 /* Pods-AlamoFireTest.release.xcconfig */,
			);
			name = Pods;
			sourceTree = "<group>";
		};
/* End PBXGroup section */

/* Begin PBXNativeTarget section */
		837D1CFC1F97EDA1004573FE /* AlamoFireTest */ = {
			isa = PBXNativeTarget;
			buildConfigurationList = 837D1D0F1F97EDA1004573FE /* Build configuration list for PBXNativeTarget "AlamoFireTest" */;
			buildPhases = (
				5712C4B2B622EBA59B5A5BBD /* [CP] Check Pods Manifest.lock */,
				837D1CF91F97EDA1004573FE /* Sources */,
				837D1CFA1F97EDA1004573FE /* Frameworks */,
				837D1CFB1F97EDA1004573FE /* Resources */,
				EB456AE75C3B6269F73B81FF /* [CP] Embed Pods Frameworks */,
				45E2F6EA624E258CCEE4313B /* [CP] Copy Pods Resources */,
			);
			buildRules = (
			);
			dependencies = (
			);
			name = AlamoFireTest;
			productName = AlamoFireTest;
			productReference = 837D1CFD1F97EDA1004573FE /* AlamoFireTest.app */;
			productType = "com.apple.product-type.application";
		};
/* End PBXNativeTarget section */

/* Begin PBXProject section */
		837D1CF51F97EDA1004573FE /* Project object */ = {
			isa = PBXProject;
			attributes = {
				LastSwiftUpdateCheck = 0900;
				LastUpgradeCheck = 0900;
				ORGANIZATIONNAME = "Keith Stephens";
				TargetAttributes = {
					837D1CFC1F97EDA1004573FE = {
						CreatedOnToolsVersion = 9.0;
						ProvisioningStyle = Automatic;
					};
				};
			};
			buildConfigurationList = 837D1CF81F97EDA1004573FE /* Build configuration list for PBXProject "AlamoFireTest" */;
			compatibilityVersion = "Xcode 8.0";
			developmentRegion = en;
			hasScannedForEncodings = 0;
			knownRegions = (
				en,
				Base,
			);
			mainGroup = 837D1CF41F97EDA1004573FE;
			productRefGroup = 837D1CFE1F97EDA1004573FE /* Products */;
			projectDirPath = "";
			projectRoot = "";
			targets = (
				837D1CFC1F97EDA1004573FE /* AlamoFireTest */,
			);
		};
/* End PBXProject section */

/* Begin PBXResourcesBuildPhase section */
		837D1CFB1F97EDA1004573FE /* Resources */ = {
			isa = PBXResourcesBuildPhase;
			buildActionMask = 2147483647;
			files = (
				837D1D0B1F97EDA1004573FE /* LaunchScreen.storyboard in Resources */,
				837D1D081F97EDA1004573FE /* Assets.xcassets in Resources */,
				837D1D061F97EDA1004573FE /* Main.storyboard in Resources */,
			);
			runOnlyForDeploymentPostprocessing = 0;
		};
/* End PBXResourcesBuildPhase section */

/* Begin PBXShellScriptBuildPhase section */
		45E2F6EA624E258CCEE4313B /* [CP] Copy Pods Resources */ = {
			isa = PBXShellScriptBuildPhase;
			buildActionMask = 2147483647;
			files = (
			);
			inputPaths = (
			);
			name = "[CP] Copy Pods Resources";
			outputPaths = (
			);
			runOnlyForDeploymentPostprocessing = 0;
			shellPath = /bin/sh;
			shellScript = "\"${SRCROOT}/Pods/Target Support Files/Pods-AlamoFireTest/Pods-AlamoFireTest-resources.sh\"\n";
			showEnvVarsInLog = 0;
		};
		5712C4B2B622EBA59B5A5BBD /* [CP] Check Pods Manifest.lock */ = {
			isa = PBXShellScriptBuildPhase;
			buildActionMask = 2147483647;
			files = (
			);
			inputPaths = (
				"${PODS_PODFILE_DIR_PATH}/Podfile.lock",
				"${PODS_ROOT}/Manifest.lock",
			);
			name = "[CP] Check Pods Manifest.lock";
			outputPaths = (
				"$(DERIVED_FILE_DIR)/Pods-AlamoFireTest-checkManifestLockResult.txt",
			);
			runOnlyForDeploymentPostprocessing = 0;
			shellPath = /bin/sh;
			shellScript = "diff \"${PODS_PODFILE_DIR_PATH}/Podfile.lock\" \"${PODS_ROOT}/Manifest.lock\" > /dev/null\nif [ $? != 0 ] ; then\n    # print error to STDERR\n    echo \"error: The sandbox is not in sync with the Podfile.lock. Run 'pod install' or update your CocoaPods installation.\" >&2\n    exit 1\nfi\n# This output is used by Xcode 'outputs' to avoid re-running this script phase.\necho \"SUCCESS\" > \"${SCRIPT_OUTPUT_FILE_0}\"\n";
			showEnvVarsInLog = 0;
		};
		EB456AE75C3B6269F73B81FF /* [CP] Embed Pods Frameworks */ = {
			isa = PBXShellScriptBuildPhase;
			buildActionMask = 2147483647;
			files = (
			);
			inputPaths = (
				"${SRCROOT}/Pods/Target Support Files/Pods-AlamoFireTest/Pods-AlamoFireTest-frameworks.sh",
				"${BUILT_PRODUCTS_DIR}/Alamofire/Alamofire.framework",
				"${BUILT_PRODUCTS_DIR}/SwiftyJSON/SwiftyJSON.framework",
			);
			name = "[CP] Embed Pods Frameworks";
			outputPaths = (
				"${TARGET_BUILD_DIR}/${FRAMEWORKS_FOLDER_PATH}/Alamofire.framework",
				"${TARGET_BUILD_DIR}/${FRAMEWORKS_FOLDER_PATH}/SwiftyJSON.framework",
			);
			runOnlyForDeploymentPostprocessing = 0;
			shellPath = /bin/sh;
			shellScript = "\"${SRCROOT}/Pods/Target Support Files/Pods-AlamoFireTest/Pods-AlamoFireTest-frameworks.sh\"\n";
			showEnvVarsInLog = 0;
		};
/* End PBXShellScriptBuildPhase section */

/* Begin PBXSourcesBuildPhase section */
		837D1CF91F97EDA1004573FE /* Sources */ = {
			isa = PBXSourcesBuildPhase;
			buildActionMask = 2147483647;
			files = (
				837D1D031F97EDA1004573FE /* ViewController.swift in Sources */,
				837D1D011F97EDA1004573FE /* AppDelegate.swift in Sources */,
			);
			runOnlyForDeploymentPostprocessing = 0;
		};
/* End PBXSourcesBuildPhase section */

/* Begin PBXVariantGroup section */
		837D1D041F97EDA1004573FE /* Main.storyboard */ = {
			isa = PBXVariantGroup;
			children = (
				837D1D051F97EDA1004573FE /* Base */,
			);
			name = Main.storyboard;
			sourceTree = "<group>";
		};
		837D1D091F97EDA1004573FE /* LaunchScreen.storyboard */ = {
			isa = PBXVariantGroup;
			children = (
				837D1D0A1F97EDA1004573FE /* Base */,
			);
			name = LaunchScreen.storyboard;
			sourceTree = "<group>";
		};
/* End PBXVariantGroup section */

/* Begin XCBuildConfiguration section */
		837D1D0D1F97EDA1004573FE /* Debug */ = {
			isa = XCBuildConfiguration;
			buildSettings = {
				ALWAYS_SEARCH_USER_PATHS = NO;
				CLANG_ANALYZER_NONNULL = YES;
				CLANG_ANALYZER_NUMBER_OBJECT_CONVERSION = YES_AGGRESSIVE;
				CLANG_CXX_LANGUAGE_STANDARD = "gnu++14";
				CLANG_CXX_LIBRARY = "libc++";
				CLANG_ENABLE_MODULES = YES;
				CLANG_ENABLE_OBJC_ARC = YES;
				CLANG_WARN_BLOCK_CAPTURE_AUTORELEASING = YES;
				CLANG_WARN_BOOL_CONVERSION = YES;
				CLANG_WARN_COMMA = YES;
				CLANG_WARN_CONSTANT_CONVERSION = YES;
				CLANG_WARN_DIRECT_OBJC_ISA_USAGE = YES_ERROR;
				CLANG_WARN_DOCUMENTATION_COMMENTS = YES;
				CLANG_WARN_EMPTY_BODY = YES;
				CLANG_WARN_ENUM_CONVERSION = YES;
				CLANG_WARN_INFINITE_RECURSION = YES;
				CLANG_WARN_INT_CONVERSION = YES;
				CLANG_WARN_NON_LITERAL_NULL_CONVERSION = YES;
				CLANG_WARN_OBJC_LITERAL_CONVERSION = YES;
				CLANG_WARN_OBJC_ROOT_CLASS = YES_ERROR;
				CLANG_WARN_RANGE_LOOP_ANALYSIS = YES;
				CLANG_WARN_STRICT_PROTOTYPES = YES;
				CLANG_WARN_SUSPICIOUS_MOVE = YES;
				CLANG_WARN_UNGUARDED_AVAILABILITY = YES_AGGRESSIVE;
				CLANG_WARN_UNREACHABLE_CODE = YES;
				CLANG_WARN__DUPLICATE_METHOD_MATCH = YES;
				CODE_SIGN_IDENTITY = "iPhone Developer";
				COPY_PHASE_STRIP = NO;
				DEBUG_INFORMATION_FORMAT = dwarf;
				ENABLE_STRICT_OBJC_MSGSEND = YES;
				ENABLE_TESTABILITY = YES;
				GCC_C_LANGUAGE_STANDARD = gnu11;
				GCC_DYNAMIC_NO_PIC = NO;
				GCC_NO_COMMON_BLOCKS = YES;
				GCC_OPTIMIZATION_LEVEL = 0;
				GCC_PREPROCESSOR_DEFINITIONS = (
					"DEBUG=1",
					"$(inherited)",
				);
				GCC_WARN_64_TO_32_BIT_CONVERSION = YES;
				GCC_WARN_ABOUT_RETURN_TYPE = YES_ERROR;
				GCC_WARN_UNDECLARED_SELECTOR = YES;
				GCC_WARN_UNINITIALIZED_AUTOS = YES_AGGRESSIVE;
				GCC_WARN_UNUSED_FUNCTION = YES;
				GCC_WARN_UNUSED_VARIABLE = YES;
				IPHONEOS_DEPLOYMENT_TARGET = 11.0;
				MTL_ENABLE_DEBUG_INFO = YES;
				ONLY_ACTIVE_ARCH = YES;
				SDKROOT = iphoneos;
				SWIFT_ACTIVE_COMPILATION_CONDITIONS = DEBUG;
				SWIFT_OPTIMIZATION_LEVEL = "-Onone";
			};
			name = Debug;
		};
		837D1D0E1F97EDA1004573FE /* Release */ = {
			isa = XCBuildConfiguration;
			buildSettings = {
				ALWAYS_SEARCH_USER_PATHS = NO;
				CLANG_ANALYZER_NONNULL = YES;
				CLANG_ANALYZER_NUMBER_OBJECT_CONVERSION = YES_AGGRESSIVE;
				CLANG_CXX_LANGUAGE_STANDARD = "gnu++14";
				CLANG_CXX_LIBRARY = "libc++";
				CLANG_ENABLE_MODULES = YES;
				CLANG_ENABLE_OBJC_ARC = YES;
				CLANG_WARN_BLOCK_CAPTURE_AUTORELEASING = YES;
				CLANG_WARN_BOOL_CONVERSION = YES;
				CLANG_WARN_COMMA = YES;
				CLANG_WARN_CONSTANT_CONVERSION = YES;
				CLANG_WARN_DIRECT_OBJC_ISA_USAGE = YES_ERROR;
				CLANG_WARN_DOCUMENTATION_COMMENTS = YES;
				CLANG_WARN_EMPTY_BODY = YES;
				CLANG_WARN_ENUM_CONVERSION = YES;
				CLANG_WARN_INFINITE_RECURSION = YES;
				CLANG_WARN_INT_CONVERSION = YES;
				CLANG_WARN_NON_LITERAL_NULL_CONVERSION = YES;
				CLANG_WARN_OBJC_LITERAL_CONVERSION = YES;
				CLANG_WARN_OBJC_ROOT_CLASS = YES_ERROR;
				CLANG_WARN_RANGE_LOOP_ANALYSIS = YES;
				CLANG_WARN_STRICT_PROTOTYPES = YES;
				CLANG_WARN_SUSPICIOUS_MOVE = YES;
				CLANG_WARN_UNGUARDED_AVAILABILITY = YES_AGGRESSIVE;
				CLANG_WARN_UNREACHABLE_CODE = YES;
				CLANG_WARN__DUPLICATE_METHOD_MATCH = YES;
				CODE_SIGN_IDENTITY = "iPhone Developer";
				COPY_PHASE_STRIP = NO;
				DEBUG_INFORMATION_FORMAT = "dwarf-with-dsym";
				ENABLE_NS_ASSERTIONS = NO;
				ENABLE_STRICT_OBJC_MSGSEND = YES;
				GCC_C_LANGUAGE_STANDARD = gnu11;
				GCC_NO_COMMON_BLOCKS = YES;
				GCC_WARN_64_TO_32_BIT_CONVERSION = YES;
				GCC_WARN_ABOUT_RETURN_TYPE = YES_ERROR;
				GCC_WARN_UNDECLARED_SELECTOR = YES;
				GCC_WARN_UNINITIALIZED_AUTOS = YES_AGGRESSIVE;
				GCC_WARN_UNUSED_FUNCTION = YES;
				GCC_WARN_UNUSED_VARIABLE = YES;
				IPHONEOS_DEPLOYMENT_TARGET = 11.0;
				MTL_ENABLE_DEBUG_INFO = NO;
				SDKROOT = iphoneos;
				SWIFT_OPTIMIZATION_LEVEL = "-Owholemodule";
				VALIDATE_PRODUCT = YES;
			};
			name = Release;
		};
		837D1D101F97EDA1004573FE /* Debug */ = {
			isa = XCBuildConfiguration;
			baseConfigurationReference = 5463DE6A77472FFBAB7AF0CF /* Pods-AlamoFireTest.debug.xcconfig */;
			buildSettings = {
				ASSETCATALOG_COMPILER_APPICON_NAME = AppIcon;
				CODE_SIGN_STYLE = Automatic;
				DEVELOPMENT_TEAM = L94N7U53UK;
				INFOPLIST_FILE = AlamoFireTest/Info.plist;
				LD_RUNPATH_SEARCH_PATHS = "$(inherited) @executable_path/Frameworks";
				PRODUCT_BUNDLE_IDENTIFIER = ctm.AlamoFireTest;
				PRODUCT_NAME = "$(TARGET_NAME)";
				SWIFT_VERSION = 4.0;
				TARGETED_DEVICE_FAMILY = "1,2";
			};
			name = Debug;
		};
		837D1D111F97EDA1004573FE /* Release */ = {
			isa = XCBuildConfiguration;
			baseConfigurationReference = BFF6AC87019BAFDBBC66E7F5 /* Pods-AlamoFireTest.release.xcconfig */;
			buildSettings = {
				ASSETCATALOG_COMPILER_APPICON_NAME = AppIcon;
				CODE_SIGN_STYLE = Automatic;
				DEVELOPMENT_TEAM = L94N7U53UK;
				INFOPLIST_FILE = AlamoFireTest/Info.plist;
				LD_RUNPATH_SEARCH_PATHS = "$(inherited) @executable_path/Frameworks";
				PRODUCT_BUNDLE_IDENTIFIER = ctm.AlamoFireTest;
				PRODUCT_NAME = "$(TARGET_NAME)";
				SWIFT_VERSION = 4.0;
				TARGETED_DEVICE_FAMILY = "1,2";
			};
			name = Release;
		};
/* End XCBuildConfiguration section */

/* Begin XCConfigurationList section */
		837D1CF81F97EDA1004573FE /* Build configuration list for PBXProject "AlamoFireTest" */ = {
			isa = XCConfigurationList;
			buildConfigurations = (
				837D1D0D1F97EDA1004573FE /* Debug */,
				837D1D0E1F97EDA1004573FE /* Release */,
			);
			defaultConfigurationIsVisible = 0;
			defaultConfigurationName = Release;
		};
		837D1D0F1F97EDA1004573FE /* Build configuration list for PBXNativeTarget "AlamoFireTest" */ = {
			isa = XCConfigurationList;
			buildConfigurations = (
				837D1D101F97EDA1004573FE /* Debug */,
				837D1D111F97EDA1004573FE /* Release */,
			);
			defaultConfigurationIsVisible = 0;
			defaultConfigurationName = Release;
		};
/* End XCConfigurationList section */
	};
	rootObject = 837D1CF51F97EDA1004573FE /* Project object */;
}
